// !$*UTF8*$!
{
	archiveVersion = 1;
	classes = {
	};
	objectVersion = 48;
	objects = {

/* Begin PBXBuildFile section */
		C93BD1931FB2B42D00AC9FF1 /* AppDelegate.swift in Sources */ = {isa = PBXBuildFile; fileRef = C93BD1921FB2B42D00AC9FF1 /* AppDelegate.swift */; };
		C93BD1981FB2B42D00AC9FF1 /* Main.storyboard in Resources */ = {isa = PBXBuildFile; fileRef = C93BD1961FB2B42D00AC9FF1 /* Main.storyboard */; };
		C93BD19A1FB2B42D00AC9FF1 /* Assets.xcassets in Resources */ = {isa = PBXBuildFile; fileRef = C93BD1991FB2B42D00AC9FF1 /* Assets.xcassets */; };
		C93BD19D1FB2B42D00AC9FF1 /* LaunchScreen.storyboard in Resources */ = {isa = PBXBuildFile; fileRef = C93BD19B1FB2B42D00AC9FF1 /* LaunchScreen.storyboard */; };
		C93BD1A81FB2B42D00AC9FF1 /* Weekly_PlannerTests.swift in Sources */ = {isa = PBXBuildFile; fileRef = C93BD1A71FB2B42D00AC9FF1 /* Weekly_PlannerTests.swift */; };
		C93BD1B31FB2B42D00AC9FF1 /* Weekly_PlannerUITests.swift in Sources */ = {isa = PBXBuildFile; fileRef = C93BD1B21FB2B42D00AC9FF1 /* Weekly_PlannerUITests.swift */; };
		C93BD1C41FB2B47A00AC9FF1 /* Task.swift in Sources */ = {isa = PBXBuildFile; fileRef = C93BD1C01FB2B47900AC9FF1 /* Task.swift */; };
		C93BD1C51FB2B47A00AC9FF1 /* AKPickerView.swift in Sources */ = {isa = PBXBuildFile; fileRef = C93BD1C11FB2B47900AC9FF1 /* AKPickerView.swift */; };
		C93BD1C61FB2B47A00AC9FF1 /* TodoViewController.swift in Sources */ = {isa = PBXBuildFile; fileRef = C93BD1C21FB2B47900AC9FF1 /* TodoViewController.swift */; };
		C93BD1C71FB2B47A00AC9FF1 /* TaskCell.swift in Sources */ = {isa = PBXBuildFile; fileRef = C93BD1C31FB2B47900AC9FF1 /* TaskCell.swift */; };
/* End PBXBuildFile section */

/* Begin PBXContainerItemProxy section */
		C93BD1A41FB2B42D00AC9FF1 /* PBXContainerItemProxy */ = {
			isa = PBXContainerItemProxy;
			containerPortal = C93BD1871FB2B42D00AC9FF1 /* Project object */;
			proxyType = 1;
			remoteGlobalIDString = C93BD18E1FB2B42D00AC9FF1;
			remoteInfo = "Weekly Planner";
		};
		C93BD1AF1FB2B42D00AC9FF1 /* PBXContainerItemProxy */ = {
			isa = PBXContainerItemProxy;
			containerPortal = C93BD1871FB2B42D00AC9FF1 /* Project object */;
			proxyType = 1;
			remoteGlobalIDString = C93BD18E1FB2B42D00AC9FF1;
			remoteInfo = "Weekly Planner";
		};
/* End PBXContainerItemProxy section */

/* Begin PBXFileReference section */
		C93BD18F1FB2B42D00AC9FF1 /* Weekly Planner.app */ = {isa = PBXFileReference; explicitFileType = wrapper.application; includeInIndex = 0; path = "Weekly Planner.app"; sourceTree = BUILT_PRODUCTS_DIR; };
		C93BD1921FB2B42D00AC9FF1 /* AppDelegate.swift */ = {isa = PBXFileReference; lastKnownFileType = sourcecode.swift; path = AppDelegate.swift; sourceTree = "<group>"; };
		C93BD1971FB2B42D00AC9FF1 /* Base */ = {isa = PBXFileReference; lastKnownFileType = file.storyboard; name = Base; path = Base.lproj/Main.storyboard; sourceTree = "<group>"; };
		C93BD1991FB2B42D00AC9FF1 /* Assets.xcassets */ = {isa = PBXFileReference; lastKnownFileType = folder.assetcatalog; path = Assets.xcassets; sourceTree = "<group>"; };
		C93BD19C1FB2B42D00AC9FF1 /* Base */ = {isa = PBXFileReference; lastKnownFileType = file.storyboard; name = Base; path = Base.lproj/LaunchScreen.storyboard; sourceTree = "<group>"; };
		C93BD19E1FB2B42D00AC9FF1 /* Info.plist */ = {isa = PBXFileReference; lastKnownFileType = text.plist.xml; path = Info.plist; sourceTree = "<group>"; };
		C93BD1A31FB2B42D00AC9FF1 /* Weekly PlannerTests.xctest */ = {isa = PBXFileReference; explicitFileType = wrapper.cfbundle; includeInIndex = 0; path = "Weekly PlannerTests.xctest"; sourceTree = BUILT_PRODUCTS_DIR; };
		C93BD1A71FB2B42D00AC9FF1 /* Weekly_PlannerTests.swift */ = {isa = PBXFileReference; lastKnownFileType = sourcecode.swift; path = Weekly_PlannerTests.swift; sourceTree = "<group>"; };
		C93BD1A91FB2B42D00AC9FF1 /* Info.plist */ = {isa = PBXFileReference; lastKnownFileType = text.plist.xml; path = Info.plist; sourceTree = "<group>"; };
		C93BD1AE1FB2B42D00AC9FF1 /* Weekly PlannerUITests.xctest */ = {isa = PBXFileReference; explicitFileType = wrapper.cfbundle; includeInIndex = 0; path = "Weekly PlannerUITests.xctest"; sourceTree = BUILT_PRODUCTS_DIR; };
		C93BD1B21FB2B42D00AC9FF1 /* Weekly_PlannerUITests.swift */ = {isa = PBXFileReference; lastKnownFileType = sourcecode.swift; path = Weekly_PlannerUITests.swift; sourceTree = "<group>"; };
		C93BD1B41FB2B42D00AC9FF1 /* Info.plist */ = {isa = PBXFileReference; lastKnownFileType = text.plist.xml; path = Info.plist; sourceTree = "<group>"; };
		C93BD1C01FB2B47900AC9FF1 /* Task.swift */ = {isa = PBXFileReference; fileEncoding = 4; lastKnownFileType = sourcecode.swift; path = Task.swift; sourceTree = "<group>"; };
		C93BD1C11FB2B47900AC9FF1 /* AKPickerView.swift */ = {isa = PBXFileReference; fileEncoding = 4; lastKnownFileType = sourcecode.swift; path = AKPickerView.swift; sourceTree = "<group>"; };
		C93BD1C21FB2B47900AC9FF1 /* TodoViewController.swift */ = {isa = PBXFileReference; fileEncoding = 4; lastKnownFileType = sourcecode.swift; path = TodoViewController.swift; sourceTree = "<group>"; };
		C93BD1C31FB2B47900AC9FF1 /* TaskCell.swift */ = {isa = PBXFileReference; fileEncoding = 4; lastKnownFileType = sourcecode.swift; path = TaskCell.swift; sourceTree = "<group>"; };
/* End PBXFileReference section */

/* Begin PBXFrameworksBuildPhase section */
		C93BD18C1FB2B42D00AC9FF1 /* Frameworks */ = {
			isa = PBXFrameworksBuildPhase;
			buildActionMask = 2147483647;
			files = (
			);
			runOnlyForDeploymentPostprocessing = 0;
		};
		C93BD1A01FB2B42D00AC9FF1 /* Frameworks */ = {
			isa = PBXFrameworksBuildPhase;
			buildActionMask = 2147483647;
			files = (
			);
			runOnlyForDeploymentPostprocessing = 0;
		};
		C93BD1AB1FB2B42D00AC9FF1 /* Frameworks */ = {
			isa = PBXFrameworksBuildPhase;
			buildActionMask = 2147483647;
			files = (
			);
			runOnlyForDeploymentPostprocessing = 0;
		};
/* End PBXFrameworksBuildPhase section */

/* Begin PBXGroup section */
		C93BD1861FB2B42D00AC9FF1 = {
			isa = PBXGroup;
			children = (
				C93BD1911FB2B42D00AC9FF1 /* Weekly Planner */,
				C93BD1A61FB2B42D00AC9FF1 /* Weekly PlannerTests */,
				C93BD1B11FB2B42D00AC9FF1 /* Weekly PlannerUITests */,
				C93BD1901FB2B42D00AC9FF1 /* Products */,
			);
			sourceTree = "<group>";
		};
		C93BD1901FB2B42D00AC9FF1 /* Products */ = {
			isa = PBXGroup;
			children = (
				C93BD18F1FB2B42D00AC9FF1 /* Weekly Planner.app */,
				C93BD1A31FB2B42D00AC9FF1 /* Weekly PlannerTests.xctest */,
				C93BD1AE1FB2B42D00AC9FF1 /* Weekly PlannerUITests.xctest */,
			);
			name = Products;
			sourceTree = "<group>";
		};
		C93BD1911FB2B42D00AC9FF1 /* Weekly Planner */ = {
			isa = PBXGroup;
			children = (
				C93BD1C11FB2B47900AC9FF1 /* AKPickerView.swift */,
				C93BD1C01FB2B47900AC9FF1 /* Task.swift */,
				C93BD1C31FB2B47900AC9FF1 /* TaskCell.swift */,
				C93BD1C21FB2B47900AC9FF1 /* TodoViewController.swift */,
				C93BD1921FB2B42D00AC9FF1 /* AppDelegate.swift */,
				C93BD1961FB2B42D00AC9FF1 /* Main.storyboard */,
				C93BD1991FB2B42D00AC9FF1 /* Assets.xcassets */,
				C93BD19B1FB2B42D00AC9FF1 /* LaunchScreen.storyboard */,
				C93BD19E1FB2B42D00AC9FF1 /* Info.plist */,
			);
			path = "Weekly Planner";
			sourceTree = "<group>";
		};
		C93BD1A61FB2B42D00AC9FF1 /* Weekly PlannerTests */ = {
			isa = PBXGroup;
			children = (
				C93BD1A71FB2B42D00AC9FF1 /* Weekly_PlannerTests.swift */,
				C93BD1A91FB2B42D00AC9FF1 /* Info.plist */,
			);
			path = "Weekly PlannerTests";
			sourceTree = "<group>";
		};
		C93BD1B11FB2B42D00AC9FF1 /* Weekly PlannerUITests */ = {
			isa = PBXGroup;
			children = (
				C93BD1B21FB2B42D00AC9FF1 /* Weekly_PlannerUITests.swift */,
				C93BD1B41FB2B42D00AC9FF1 /* Info.plist */,
			);
			path = "Weekly PlannerUITests";
			sourceTree = "<group>";
		};
/* End PBXGroup section */

/* Begin PBXNativeTarget section */
		C93BD18E1FB2B42D00AC9FF1 /* Weekly Planner */ = {
			isa = PBXNativeTarget;
			buildConfigurationList = C93BD1B71FB2B42D00AC9FF1 /* Build configuration list for PBXNativeTarget "Weekly Planner" */;
			buildPhases = (
				C93BD18B1FB2B42D00AC9FF1 /* Sources */,
				C93BD18C1FB2B42D00AC9FF1 /* Frameworks */,
				C93BD18D1FB2B42D00AC9FF1 /* Resources */,
			);
			buildRules = (
			);
			dependencies = (
			);
			name = "Weekly Planner";
			productName = "Weekly Planner";
			productReference = C93BD18F1FB2B42D00AC9FF1 /* Weekly Planner.app */;
			productType = "com.apple.product-type.application";
		};
		C93BD1A21FB2B42D00AC9FF1 /* Weekly PlannerTests */ = {
			isa = PBXNativeTarget;
			buildConfigurationList = C93BD1BA1FB2B42D00AC9FF1 /* Build configuration list for PBXNativeTarget "Weekly PlannerTests" */;
			buildPhases = (
				C93BD19F1FB2B42D00AC9FF1 /* Sources */,
				C93BD1A01FB2B42D00AC9FF1 /* Frameworks */,
				C93BD1A11FB2B42D00AC9FF1 /* Resources */,
			);
			buildRules = (
			);
			dependencies = (
				C93BD1A51FB2B42D00AC9FF1 /* PBXTargetDependency */,
			);
			name = "Weekly PlannerTests";
			productName = "Weekly PlannerTests";
			productReference = C93BD1A31FB2B42D00AC9FF1 /* Weekly PlannerTests.xctest */;
			productType = "com.apple.product-type.bundle.unit-test";
		};
		C93BD1AD1FB2B42D00AC9FF1 /* Weekly PlannerUITests */ = {
			isa = PBXNativeTarget;
			buildConfigurationList = C93BD1BD1FB2B42D00AC9FF1 /* Build configuration list for PBXNativeTarget "Weekly PlannerUITests" */;
			buildPhases = (
				C93BD1AA1FB2B42D00AC9FF1 /* Sources */,
				C93BD1AB1FB2B42D00AC9FF1 /* Frameworks */,
				C93BD1AC1FB2B42D00AC9FF1 /* Resources */,
			);
			buildRules = (
			);
			dependencies = (
				C93BD1B01FB2B42D00AC9FF1 /* PBXTargetDependency */,
			);
			name = "Weekly PlannerUITests";
			productName = "Weekly PlannerUITests";
			productReference = C93BD1AE1FB2B42D00AC9FF1 /* Weekly PlannerUITests.xctest */;
			productType = "com.apple.product-type.bundle.ui-testing";
		};
/* End PBXNativeTarget section */

/* Begin PBXProject section */
		C93BD1871FB2B42D00AC9FF1 /* Project object */ = {
			isa = PBXProject;
			attributes = {
				LastSwiftUpdateCheck = 0910;
				LastUpgradeCheck = 0910;
				ORGANIZATIONNAME = "Salman Fakhri";
				TargetAttributes = {
					C93BD18E1FB2B42D00AC9FF1 = {
						CreatedOnToolsVersion = 9.1;
						ProvisioningStyle = Automatic;
					};
					C93BD1A21FB2B42D00AC9FF1 = {
						CreatedOnToolsVersion = 9.1;
						ProvisioningStyle = Automatic;
						TestTargetID = C93BD18E1FB2B42D00AC9FF1;
					};
					C93BD1AD1FB2B42D00AC9FF1 = {
						CreatedOnToolsVersion = 9.1;
						ProvisioningStyle = Automatic;
						TestTargetID = C93BD18E1FB2B42D00AC9FF1;
					};
				};
			};
			buildConfigurationList = C93BD18A1FB2B42D00AC9FF1 /* Build configuration list for PBXProject "Weekly Planner" */;
			compatibilityVersion = "Xcode 8.0";
			developmentRegion = en;
			hasScannedForEncodings = 0;
			knownRegions = (
				en,
				Base,
			);
			mainGroup = C93BD1861FB2B42D00AC9FF1;
			productRefGroup = C93BD1901FB2B42D00AC9FF1 /* Products */;
			projectDirPath = "";
			projectRoot = "";
			targets = (
				C93BD18E1FB2B42D00AC9FF1 /* Weekly Planner */,
				C93BD1A21FB2B42D00AC9FF1 /* Weekly PlannerTests */,
				C93BD1AD1FB2B42D00AC9FF1 /* Weekly PlannerUITests */,
			);
		};
/* End PBXProject section */

/* Begin PBXResourcesBuildPhase section */
		C93BD18D1FB2B42D00AC9FF1 /* Resources */ = {
			isa = PBXResourcesBuildPhase;
			buildActionMask = 2147483647;
			files = (
				C93BD19D1FB2B42D00AC9FF1 /* LaunchScreen.storyboard in Resources */,
				C93BD19A1FB2B42D00AC9FF1 /* Assets.xcassets in Resources */,
				C93BD1981FB2B42D00AC9FF1 /* Main.storyboard in Resources */,
			);
			runOnlyForDeploymentPostprocessing = 0;
		};
		C93BD1A11FB2B42D00AC9FF1 /* Resources */ = {
			isa = PBXResourcesBuildPhase;
			buildActionMask = 2147483647;
			files = (
			);
			runOnlyForDeploymentPostprocessing = 0;
		};
		C93BD1AC1FB2B42D00AC9FF1 /* Resources */ = {
			isa = PBXResourcesBuildPhase;
			buildActionMask = 2147483647;
			files = (
			);
			runOnlyForDeploymentPostprocessing = 0;
		};
/* End PBXResourcesBuildPhase section */

/* Begin PBXSourcesBuildPhase section */
		C93BD18B1FB2B42D00AC9FF1 /* Sources */ = {
			isa = PBXSourcesBuildPhase;
			buildActionMask = 2147483647;
			files = (
				C93BD1C61FB2B47A00AC9FF1 /* TodoViewController.swift in Sources */,
				C93BD1C41FB2B47A00AC9FF1 /* Task.swift in Sources */,
				C93BD1C51FB2B47A00AC9FF1 /* AKPickerView.swift in Sources */,
				C93BD1C71FB2B47A00AC9FF1 /* TaskCell.swift in Sources */,
				C93BD1931FB2B42D00AC9FF1 /* AppDelegate.swift in Sources */,
			);
			runOnlyForDeploymentPostprocessing = 0;
		};
		C93BD19F1FB2B42D00AC9FF1 /* Sources */ = {
			isa = PBXSourcesBuildPhase;
			buildActionMask = 2147483647;
			files = (
				C93BD1A81FB2B42D00AC9FF1 /* Weekly_PlannerTests.swift in Sources */,
			);
			runOnlyForDeploymentPostprocessing = 0;
		};
		C93BD1AA1FB2B42D00AC9FF1 /* Sources */ = {
			isa = PBXSourcesBuildPhase;
			buildActionMask = 2147483647;
			files = (
				C93BD1B31FB2B42D00AC9FF1 /* Weekly_PlannerUITests.swift in Sources */,
			);
			runOnlyForDeploymentPostprocessing = 0;
		};
/* End PBXSourcesBuildPhase section */

/* Begin PBXTargetDependency section */
		C93BD1A51FB2B42D00AC9FF1 /* PBXTargetDependency */ = {
			isa = PBXTargetDependency;
			target = C93BD18E1FB2B42D00AC9FF1 /* Weekly Planner */;
			targetProxy = C93BD1A41FB2B42D00AC9FF1 /* PBXContainerItemProxy */;
		};
		C93BD1B01FB2B42D00AC9FF1 /* PBXTargetDependency */ = {
			isa = PBXTargetDependency;
			target = C93BD18E1FB2B42D00AC9FF1 /* Weekly Planner */;
			targetProxy = C93BD1AF1FB2B42D00AC9FF1 /* PBXContainerItemProxy */;
		};
/* End PBXTargetDependency section */

/* Begin PBXVariantGroup section */
		C93BD1961FB2B42D00AC9FF1 /* Main.storyboard */ = {
			isa = PBXVariantGroup;
			children = (
				C93BD1971FB2B42D00AC9FF1 /* Base */,
			);
			name = Main.storyboard;
			sourceTree = "<group>";
		};
		C93BD19B1FB2B42D00AC9FF1 /* LaunchScreen.storyboard */ = {
			isa = PBXVariantGroup;
			children = (
				C93BD19C1FB2B42D00AC9FF1 /* Base */,
			);
			name = LaunchScreen.storyboard;
			sourceTree = "<group>";
		};
/* End PBXVariantGroup section */

/* Begin XCBuildConfiguration section */
		C93BD1B51FB2B42D00AC9FF1 /* Debug */ = {
			isa = XCBuildConfiguration;
			buildSettings = {
				ALWAYS_SEARCH_USER_PATHS = NO;
				CLANG_ANALYZER_NONNULL = YES;
				CLANG_ANALYZER_NUMBER_OBJECT_CONVERSION = YES_AGGRESSIVE;
				CLANG_CXX_LANGUAGE_STANDARD = "gnu++14";
				CLANG_CXX_LIBRARY = "libc++";
				CLANG_ENABLE_MODULES = YES;
				CLANG_ENABLE_OBJC_ARC = YES;
				CLANG_WARN_BLOCK_CAPTURE_AUTORELEASING = YES;
				CLANG_WARN_BOOL_CONVERSION = YES;
				CLANG_WARN_COMMA = YES;
				CLANG_WARN_CONSTANT_CONVERSION = YES;
				CLANG_WARN_DIRECT_OBJC_ISA_USAGE = YES_ERROR;
				CLANG_WARN_DOCUMENTATION_COMMENTS = YES;
				CLANG_WARN_EMPTY_BODY = YES;
				CLANG_WARN_ENUM_CONVERSION = YES;
				CLANG_WARN_INFINITE_RECURSION = YES;
				CLANG_WARN_INT_CONVERSION = YES;
				CLANG_WARN_NON_LITERAL_NULL_CONVERSION = YES;
				CLANG_WARN_OBJC_LITERAL_CONVERSION = YES;
				CLANG_WARN_OBJC_ROOT_CLASS = YES_ERROR;
				CLANG_WARN_RANGE_LOOP_ANALYSIS = YES;
				CLANG_WARN_STRICT_PROTOTYPES = YES;
				CLANG_WARN_SUSPICIOUS_MOVE = YES;
				CLANG_WARN_UNGUARDED_AVAILABILITY = YES_AGGRESSIVE;
				CLANG_WARN_UNREACHABLE_CODE = YES;
				CLANG_WARN__DUPLICATE_METHOD_MATCH = YES;
				CODE_SIGN_IDENTITY = "iPhone Developer";
				COPY_PHASE_STRIP = NO;
				DEBUG_INFORMATION_FORMAT = dwarf;
				ENABLE_STRICT_OBJC_MSGSEND = YES;
				ENABLE_TESTABILITY = YES;
				GCC_C_LANGUAGE_STANDARD = gnu11;
				GCC_DYNAMIC_NO_PIC = NO;
				GCC_NO_COMMON_BLOCKS = YES;
				GCC_OPTIMIZATION_LEVEL = 0;
				GCC_PREPROCESSOR_DEFINITIONS = (
					"DEBUG=1",
					"$(inherited)",
				);
				GCC_WARN_64_TO_32_BIT_CONVERSION = YES;
				GCC_WARN_ABOUT_RETURN_TYPE = YES_ERROR;
				GCC_WARN_UNDECLARED_SELECTOR = YES;
				GCC_WARN_UNINITIALIZED_AUTOS = YES_AGGRESSIVE;
				GCC_WARN_UNUSED_FUNCTION = YES;
				GCC_WARN_UNUSED_VARIABLE = YES;
				IPHONEOS_DEPLOYMENT_TARGET = 11.1;
				MTL_ENABLE_DEBUG_INFO = YES;
				ONLY_ACTIVE_ARCH = YES;
				SDKROOT = iphoneos;
				SWIFT_ACTIVE_COMPILATION_CONDITIONS = DEBUG;
				SWIFT_OPTIMIZATION_LEVEL = "-Onone";
			};
			name = Debug;
		};
		C93BD1B61FB2B42D00AC9FF1 /* Release */ = {
			isa = XCBuildConfiguration;
			buildSettings = {
				ALWAYS_SEARCH_USER_PATHS = NO;
				CLANG_ANALYZER_NONNULL = YES;
				CLANG_ANALYZER_NUMBER_OBJECT_CONVERSION = YES_AGGRESSIVE;
				CLANG_CXX_LANGUAGE_STANDARD = "gnu++14";
				CLANG_CXX_LIBRARY = "libc++";
				CLANG_ENABLE_MODULES = YES;
				CLANG_ENABLE_OBJC_ARC = YES;
				CLANG_WARN_BLOCK_CAPTURE_AUTORELEASING = YES;
				CLANG_WARN_BOOL_CONVERSION = YES;
				CLANG_WARN_COMMA = YES;
				CLANG_WARN_CONSTANT_CONVERSION = YES;
				CLANG_WARN_DIRECT_OBJC_ISA_USAGE = YES_ERROR;
				CLANG_WARN_DOCUMENTATION_COMMENTS = YES;
				CLANG_WARN_EMPTY_BODY = YES;
				CLANG_WARN_ENUM_CONVERSION = YES;
				CLANG_WARN_INFINITE_RECURSION = YES;
				CLANG_WARN_INT_CONVERSION = YES;
				CLANG_WARN_NON_LITERAL_NULL_CONVERSION = YES;
				CLANG_WARN_OBJC_LITERAL_CONVERSION = YES;
				CLANG_WARN_OBJC_ROOT_CLASS = YES_ERROR;
				CLANG_WARN_RANGE_LOOP_ANALYSIS = YES;
				CLANG_WARN_STRICT_PROTOTYPES = YES;
				CLANG_WARN_SUSPICIOUS_MOVE = YES;
				CLANG_WARN_UNGUARDED_AVAILABILITY = YES_AGGRESSIVE;
				CLANG_WARN_UNREACHABLE_CODE = YES;
				CLANG_WARN__DUPLICATE_METHOD_MATCH = YES;
				CODE_SIGN_IDENTITY = "iPhone Developer";
				COPY_PHASE_STRIP = NO;
				DEBUG_INFORMATION_FORMAT = "dwarf-with-dsym";
				ENABLE_NS_ASSERTIONS = NO;
				ENABLE_STRICT_OBJC_MSGSEND = YES;
				GCC_C_LANGUAGE_STANDARD = gnu11;
				GCC_NO_COMMON_BLOCKS = YES;
				GCC_WARN_64_TO_32_BIT_CONVERSION = YES;
				GCC_WARN_ABOUT_RETURN_TYPE = YES_ERROR;
				GCC_WARN_UNDECLARED_SELECTOR = YES;
				GCC_WARN_UNINITIALIZED_AUTOS = YES_AGGRESSIVE;
				GCC_WARN_UNUSED_FUNCTION = YES;
				GCC_WARN_UNUSED_VARIABLE = YES;
				IPHONEOS_DEPLOYMENT_TARGET = 11.1;
				MTL_ENABLE_DEBUG_INFO = NO;
				SDKROOT = iphoneos;
				SWIFT_OPTIMIZATION_LEVEL = "-Owholemodule";
				VALIDATE_PRODUCT = YES;
			};
			name = Release;
		};
		C93BD1B81FB2B42D00AC9FF1 /* Debug */ = {
			isa = XCBuildConfiguration;
			buildSettings = {
				ASSETCATALOG_COMPILER_APPICON_NAME = AppIcon;
				CODE_SIGN_STYLE = Automatic;
				DEVELOPMENT_TEAM = C3YP8P798R;
				INFOPLIST_FILE = "Weekly Planner/Info.plist";
				LD_RUNPATH_SEARCH_PATHS = "$(inherited) @executable_path/Frameworks";
				PRODUCT_BUNDLE_IDENTIFIER = "com.salmanfakhri.Weekly-Planner";
				PRODUCT_NAME = "$(TARGET_NAME)";
				SWIFT_VERSION = 4.0;
				TARGETED_DEVICE_FAMILY = "1,2";
			};
			name = Debug;
		};
		C93BD1B91FB2B42D00AC9FF1 /* Release */ = {
			isa = XCBuildConfiguration;
			buildSettings = {
				ASSETCATALOG_COMPILER_APPICON_NAME = AppIcon;
				CODE_SIGN_STYLE = Automatic;
				DEVELOPMENT_TEAM = C3YP8P798R;
				INFOPLIST_FILE = "Weekly Planner/Info.plist";
				LD_RUNPATH_SEARCH_PATHS = "$(inherited) @executable_path/Frameworks";
				PRODUCT_BUNDLE_IDENTIFIER = "com.salmanfakhri.Weekly-Planner";
				PRODUCT_NAME = "$(TARGET_NAME)";
				SWIFT_VERSION = 4.0;
				TARGETED_DEVICE_FAMILY = "1,2";
			};
			name = Release;
		};
		C93BD1BB1FB2B42D00AC9FF1 /* Debug */ = {
			isa = XCBuildConfiguration;
			buildSettings = {
				ALWAYS_EMBED_SWIFT_STANDARD_LIBRARIES = YES;
				BUNDLE_LOADER = "$(TEST_HOST)";
				CODE_SIGN_STYLE = Automatic;
				INFOPLIST_FILE = "Weekly PlannerTests/Info.plist";
				LD_RUNPATH_SEARCH_PATHS = "$(inherited) @executable_path/Frameworks @loader_path/Frameworks";
				PRODUCT_BUNDLE_IDENTIFIER = "com.salmanfakhri.Weekly-PlannerTests";
				PRODUCT_NAME = "$(TARGET_NAME)";
				SWIFT_VERSION = 4.0;
				TARGETED_DEVICE_FAMILY = "1,2";
				TEST_HOST = "$(BUILT_PRODUCTS_DIR)/Weekly Planner.app/Weekly Planner";
			};
			name = Debug;
		};
		C93BD1BC1FB2B42D00AC9FF1 /* Release */ = {
			isa = XCBuildConfiguration;
			buildSettings = {
				ALWAYS_EMBED_SWIFT_STANDARD_LIBRARIES = YES;
				BUNDLE_LOADER = "$(TEST_HOST)";
				CODE_SIGN_STYLE = Automatic;
				INFOPLIST_FILE = "Weekly PlannerTests/Info.plist";
				LD_RUNPATH_SEARCH_PATHS = "$(inherited) @executable_path/Frameworks @loader_path/Frameworks";
				PRODUCT_BUNDLE_IDENTIFIER = "com.salmanfakhri.Weekly-PlannerTests";
				PRODUCT_NAME = "$(TARGET_NAME)";
				SWIFT_VERSION = 4.0;
				TARGETED_DEVICE_FAMILY = "1,2";
				TEST_HOST = "$(BUILT_PRODUCTS_DIR)/Weekly Planner.app/Weekly Planner";
			};
			name = Release;
		};
		C93BD1BE1FB2B42D00AC9FF1 /* Debug */ = {
			isa = XCBuildConfiguration;
			buildSettings = {
				ALWAYS_EMBED_SWIFT_STANDARD_LIBRARIES = YES;
				CODE_SIGN_STYLE = Automatic;
				INFOPLIST_FILE = "Weekly PlannerUITests/Info.plist";
				LD_RUNPATH_SEARCH_PATHS = "$(inherited) @executable_path/Frameworks @loader_path/Frameworks";
				PRODUCT_BUNDLE_IDENTIFIER = "com.salmanfakhri.Weekly-PlannerUITests";
				PRODUCT_NAME = "$(TARGET_NAME)";
				SWIFT_VERSION = 4.0;
				TARGETED_DEVICE_FAMILY = "1,2";
				TEST_TARGET_NAME = "Weekly Planner";
			};
			name = Debug;
		};
		C93BD1BF1FB2B42D00AC9FF1 /* Release */ = {
			isa = XCBuildConfiguration;
			buildSettings = {
				ALWAYS_EMBED_SWIFT_STANDARD_LIBRARIES = YES;
				CODE_SIGN_STYLE = Automatic;
				INFOPLIST_FILE = "Weekly PlannerUITests/Info.plist";
				LD_RUNPATH_SEARCH_PATHS = "$(inherited) @executable_path/Frameworks @loader_path/Frameworks";
				PRODUCT_BUNDLE_IDENTIFIER = "com.salmanfakhri.Weekly-PlannerUITests";
				PRODUCT_NAME = "$(TARGET_NAME)";
				SWIFT_VERSION = 4.0;
				TARGETED_DEVICE_FAMILY = "1,2";
				TEST_TARGET_NAME = "Weekly Planner";
			};
			name = Release;
		};
/* End XCBuildConfiguration section */

/* Begin XCConfigurationList section */
		C93BD18A1FB2B42D00AC9FF1 /* Build configuration list for PBXProject "Weekly Planner" */ = {
			isa = XCConfigurationList;
			buildConfigurations = (
				C93BD1B51FB2B42D00AC9FF1 /* Debug */,
				C93BD1B61FB2B42D00AC9FF1 /* Release */,
			);
			defaultConfigurationIsVisible = 0;
			defaultConfigurationName = Release;
		};
		C93BD1B71FB2B42D00AC9FF1 /* Build configuration list for PBXNativeTarget "Weekly Planner" */ = {
			isa = XCConfigurationList;
			buildConfigurations = (
				C93BD1B81FB2B42D00AC9FF1 /* Debug */,
				C93BD1B91FB2B42D00AC9FF1 /* Release */,
			);
			defaultConfigurationIsVisible = 0;
			defaultConfigurationName = Release;
		};
		C93BD1BA1FB2B42D00AC9FF1 /* Build configuration list for PBXNativeTarget "Weekly PlannerTests" */ = {
			isa = XCConfigurationList;
			buildConfigurations = (
				C93BD1BB1FB2B42D00AC9FF1 /* Debug */,
				C93BD1BC1FB2B42D00AC9FF1 /* Release */,
			);
			defaultConfigurationIsVisible = 0;
			defaultConfigurationName = Release;
		};
		C93BD1BD1FB2B42D00AC9FF1 /* Build configuration list for PBXNativeTarget "Weekly PlannerUITests" */ = {
			isa = XCConfigurationList;
			buildConfigurations = (
				C93BD1BE1FB2B42D00AC9FF1 /* Debug */,
				C93BD1BF1FB2B42D00AC9FF1 /* Release */,
			);
			defaultConfigurationIsVisible = 0;
			defaultConfigurationName = Release;
		};
/* End XCConfigurationList section */
	};
	rootObject = C93BD1871FB2B42D00AC9FF1 /* Project object */;
}
